PODS:
  - CHIPageControl (0.2):
    - CHIPageControl/Aji (= 0.2)
    - CHIPageControl/Aleppo (= 0.2)
    - CHIPageControl/Chimayo (= 0.2)
    - CHIPageControl/Fresno (= 0.2)
    - CHIPageControl/Jalapeno (= 0.2)
    - CHIPageControl/Jaloro (= 0.2)
    - CHIPageControl/Paprika (= 0.2)
    - CHIPageControl/Puya (= 0.2)
  - CHIPageControl/Aji (0.2)
  - CHIPageControl/Aleppo (0.2)
  - CHIPageControl/Chimayo (0.2)
  - CHIPageControl/Fresno (0.2)
  - CHIPageControl/Jalapeno (0.2)
  - CHIPageControl/Jaloro (0.2)
  - CHIPageControl/Paprika (0.2)
  - CHIPageControl/Puya (0.2)
  - ZKCycleScrollView-Swift (2.0.2)

DEPENDENCIES:
  - CHIPageControl
  - ZKCycleScrollView-Swift

SPEC REPOS:
  trunk:
    - CHIPageControl
    - ZKCycleScrollView-Swift

SPEC CHECKSUMS:
  CHIPageControl: a787bf7205c9b7e7fbfc412be36c5e8636b68f86
  ZKCycleScrollView-Swift: c5d6c4aa5576a9bee2361ecd6c6e89996d9fd5d8

PODFILE CHECKSUM: a9e88d24f41158305d3b536e26545262177b88fd

COCOAPODS: 1.9.3
